
Microsoft Visual Studio Solution File, Format Version 12.00
# Visual Studio Version 16
VisualStudioVersion = 16.0.30711.63
MinimumVisualStudioVersion = 10.0.40219.1
Project("{FAE04EC0-301F-11D3-BF4B-00C04F79EFBC}") = "StatistikaRijeci", "StatistikaRijeci\StatistikaRijeci.csproj", "{4FFDB6AD-F0E0-4854-BF90-8674C3D4BCE1}"
EndProject
Global
	GlobalSection(SolutionConfigurationPlatforms) = preSolution
		Debug|Any CPU = Debug|Any CPU
		Release|Any CPU = Release|Any CPU
	EndGlobalSection
	GlobalSection(ProjectConfigurationPlatforms) = postSolution
		{4FFDB6AD-F0E0-4854-BF90-8674C3D4BCE1}.Debug|Any CPU.ActiveCfg = Debug|Any CPU
		{4FFDB6AD-F0E0-4854-BF90-8674C3D4BCE1}.Debug|Any CPU.Build.0 = Debug|Any CPU
		{4FFDB6AD-F0E0-4854-BF90-8674C3D4BCE1}.Release|Any CPU.ActiveCfg = Release|Any CPU
		{4FFDB6AD-F0E0-4854-BF90-8674C3D4BCE1}.Release|Any CPU.Build.0 = Release|Any CPU
	EndGlobalSection
	GlobalSection(SolutionProperties) = preSolution
		HideSolutionNode = FALSE
	EndGlobalSection
	GlobalSection(ExtensibilityGlobals) = postSolution
		SolutionGuid = {2D15F9F6-3494-40C1-BECC-38993EA57000}
	EndGlobalSection
EndGlobal
